
Microsoft Visual Studio Solution File, Format Version 12.00
# Visual Studio Version 16
VisualStudioVersion = 16.0.28803.352
MinimumVisualStudioVersion = 10.0.40219.1
Project("{FAE04EC0-301F-11D3-BF4B-00C04F79EFBC}") = "AngelC4", "AngelC4\AngelC4.csproj", "{5BC55AB2-8FA2-4CB2-A352-739CC670E8AD}"
EndProject
Global
	GlobalSection(SolutionConfigurationPlatforms) = preSolution
		Debug|Any CPU = Debug|Any CPU
		Release|Any CPU = Release|Any CPU
	EndGlobalSection
	GlobalSection(ProjectConfigurationPlatforms) = postSolution
		{5BC55AB2-8FA2-4CB2-A352-739CC670E8AD}.Debug|Any CPU.ActiveCfg = Debug|Any CPU
		{5BC55AB2-8FA2-4CB2-A352-739CC670E8AD}.Debug|Any CPU.Build.0 = Debug|Any CPU
		{5BC55AB2-8FA2-4CB2-A352-739CC670E8AD}.Release|Any CPU.ActiveCfg = Release|Any CPU
		{5BC55AB2-8FA2-4CB2-A352-739CC670E8AD}.Release|Any CPU.Build.0 = Release|Any CPU
	EndGlobalSection
	GlobalSection(SolutionProperties) = preSolution
		HideSolutionNode = FALSE
	EndGlobalSection
	GlobalSection(ExtensibilityGlobals) = postSolution
		SolutionGuid = {EB4C96AE-F4D6-4D59-AF27-7513A64CF10B}
	EndGlobalSection
EndGlobal
